{
  "name": "@oce/monorepo-react",
  "version": "1.0.0",
  "lockfileVersion": 2,
  "requires": true,
  "packages": {
    "": {
      "name": "@oce/monorepo-react",
      "version": "1.0.0",
      "workspaces": [
        "./common/*"
      ]
    },
    "common/ui": {
      "name": "@oce/ui",
      "version": "1.0.0"
    },
    "node_modules/@oce/ui": {
      "resolved": "common/ui",
      "link": true
    }
  },
  "dependencies": {
    "@oce/ui": {
      "version": "file:common/ui"
    }
  }
}
